
Microsoft Visual Studio Solution File, Format Version 12.00
# Visual Studio Version 17
VisualStudioVersion = 17.4.33213.308
MinimumVisualStudioVersion = 10.0.40219.1
Project("{8BC9CEB8-8B4A-11D0-8D11-00A0C91BC942}") = "Sandbox", "Sandbox\Sandbox.vcxproj", "{6B8B9F54-FE46-4850-A573-D322E066F708}"
EndProject
Project("{8BC9CEB8-8B4A-11D0-8D11-00A0C91BC942}") = "Cashew", "Cashew\Cashew.vcxproj", "{D79C3AEE-937F-4B24-94CB-1536CCD51136}"
EndProject
Global
	GlobalSection(SolutionConfigurationPlatforms) = preSolution
		Debug|x64 = Debug|x64
		Release|x64 = Release|x64
	EndGlobalSection
	GlobalSection(ProjectConfigurationPlatforms) = postSolution
		{D79C3AEE-937F-4B24-94CB-1536CCD51136}.Debug|x64.ActiveCfg = Debug|x64
		{D79C3AEE-937F-4B24-94CB-1536CCD51136}.Debug|x64.Build.0 = Debug|x64
		{D79C3AEE-937F-4B24-94CB-1536CCD51136}.Release|x64.ActiveCfg = Release|x64
		{D79C3AEE-937F-4B24-94CB-1536CCD51136}.Release|x64.Build.0 = Release|x64
		{6B8B9F54-FE46-4850-A573-D322E066F708}.Debug|x64.ActiveCfg = Debug|x64
		{6B8B9F54-FE46-4850-A573-D322E066F708}.Debug|x64.Build.0 = Debug|x64
		{6B8B9F54-FE46-4850-A573-D322E066F708}.Release|x64.ActiveCfg = Release|x64
		{6B8B9F54-FE46-4850-A573-D322E066F708}.Release|x64.Build.0 = Release|x64
	EndGlobalSection
	GlobalSection(SolutionProperties) = preSolution
		HideSolutionNode = FALSE
	EndGlobalSection
	GlobalSection(ExtensibilityGlobals) = postSolution
		SolutionGuid = {EEA5177C-B061-4F71-95ED-FB41607E0950}
	EndGlobalSection
EndGlobal
